
Microsoft Visual Studio Solution File, Format Version 12.00
# Visual Studio Version 16
VisualStudioVersion = 16.0.31321.278
MinimumVisualStudioVersion = 10.0.40219.1
Project("{FAE04EC0-301F-11D3-BF4B-00C04F79EFBC}") = "Kodluyoruz Test", "Kodluyoruz Test\Kodluyoruz Test.csproj", "{2FA01517-57EA-4A2A-9FDF-4B93B07820B0}"
EndProject
Global
	GlobalSection(SolutionConfigurationPlatforms) = preSolution
		Debug|Any CPU = Debug|Any CPU
		Release|Any CPU = Release|Any CPU
	EndGlobalSection
	GlobalSection(ProjectConfigurationPlatforms) = postSolution
		{2FA01517-57EA-4A2A-9FDF-4B93B07820B0}.Debug|Any CPU.ActiveCfg = Debug|Any CPU
		{2FA01517-57EA-4A2A-9FDF-4B93B07820B0}.Debug|Any CPU.Build.0 = Debug|Any CPU
		{2FA01517-57EA-4A2A-9FDF-4B93B07820B0}.Release|Any CPU.ActiveCfg = Release|Any CPU
		{2FA01517-57EA-4A2A-9FDF-4B93B07820B0}.Release|Any CPU.Build.0 = Release|Any CPU
	EndGlobalSection
	GlobalSection(SolutionProperties) = preSolution
		HideSolutionNode = FALSE
	EndGlobalSection
	GlobalSection(ExtensibilityGlobals) = postSolution
		SolutionGuid = {092C3275-A4A7-455A-8536-A9510E6C2858}
	EndGlobalSection
EndGlobal
